
Microsoft Visual Studio Solution File, Format Version 10.00
# Visual Studio 2008
Project("{8BC9CEB8-8B4A-11D0-8D11-00A0C91BC942}") = "AdoAssist", "AdoAssist\AdoAssist.vcproj", "{F1371CB5-DAD1-40EB-84B5-D3B5167A3313}"
EndProject
Global
	GlobalSection(SolutionConfigurationPlatforms) = preSolution
		Debug|Win32 = Debug|Win32
		Release|Win32 = Release|Win32
	EndGlobalSection
	GlobalSection(ProjectConfigurationPlatforms) = postSolution
		{F1371CB5-DAD1-40EB-84B5-D3B5167A3313}.Debug|Win32.ActiveCfg = Debug|Win32
		{F1371CB5-DAD1-40EB-84B5-D3B5167A3313}.Debug|Win32.Build.0 = Debug|Win32
		{F1371CB5-DAD1-40EB-84B5-D3B5167A3313}.Release|Win32.ActiveCfg = Release|Win32
		{F1371CB5-DAD1-40EB-84B5-D3B5167A3313}.Release|Win32.Build.0 = Release|Win32
	EndGlobalSection
	GlobalSection(SolutionProperties) = preSolution
		HideSolutionNode = FALSE
	EndGlobalSection
EndGlobal
